
Microsoft Visual Studio Solution File, Format Version 12.00
# Visual Studio Version 17
VisualStudioVersion = 17.11.35208.52
MinimumVisualStudioVersion = 10.0.40219.1
Project("{FAE04EC0-301F-11D3-BF4B-00C04F79EFBC}") = "SignalR", "SignalR\SignalR.csproj", "{55AD5674-9379-495D-8019-F06FABB77AFC}"
EndProject
Global
	GlobalSection(SolutionConfigurationPlatforms) = preSolution
		Debug|Any CPU = Debug|Any CPU
		Release|Any CPU = Release|Any CPU
	EndGlobalSection
	GlobalSection(ProjectConfigurationPlatforms) = postSolution
		{55AD5674-9379-495D-8019-F06FABB77AFC}.Debug|Any CPU.ActiveCfg = Debug|Any CPU
		{55AD5674-9379-495D-8019-F06FABB77AFC}.Debug|Any CPU.Build.0 = Debug|Any CPU
		{55AD5674-9379-495D-8019-F06FABB77AFC}.Release|Any CPU.ActiveCfg = Release|Any CPU
		{55AD5674-9379-495D-8019-F06FABB77AFC}.Release|Any CPU.Build.0 = Release|Any CPU
	EndGlobalSection
	GlobalSection(SolutionProperties) = preSolution
		HideSolutionNode = FALSE
	EndGlobalSection
	GlobalSection(ExtensibilityGlobals) = postSolution
		SolutionGuid = {A5EFBEF0-D57C-4B55-BD91-457BE0F6CC27}
	EndGlobalSection
EndGlobal
